// !$*UTF8*$!
{
	archiveVersion = 1;
	classes = {
	};
	objectVersion = 50;
	objects = {

/* Begin PBXBuildFile section */
		CF3E1FEA219ACD2200721CB8 /* AppDelegate.swift in Sources */ = {isa = PBXBuildFile; fileRef = CF3E1FE9219ACD2200721CB8 /* AppDelegate.swift */; };
		CF3E1FF1219ACD2200721CB8 /* Main.storyboard in Resources */ = {isa = PBXBuildFile; fileRef = CF3E1FEF219ACD2200721CB8 /* Main.storyboard */; };
		CF3E1FF3219ACD2300721CB8 /* Assets.xcassets in Resources */ = {isa = PBXBuildFile; fileRef = CF3E1FF2219ACD2300721CB8 /* Assets.xcassets */; };
		CF3E1FF6219ACD2300721CB8 /* LaunchScreen.storyboard in Resources */ = {isa = PBXBuildFile; fileRef = CF3E1FF4219ACD2300721CB8 /* LaunchScreen.storyboard */; };
		CF3E2001219AD09A00721CB8 /* Calanque.swift in Sources */ = {isa = PBXBuildFile; fileRef = CF3E2000219AD09A00721CB8 /* Calanque.swift */; };
		CF3E2003219AD1A200721CB8 /* CalanqueCollection.swift in Sources */ = {isa = PBXBuildFile; fileRef = CF3E2002219AD1A200721CB8 /* CalanqueCollection.swift */; };
		CF3E2005219AD27E00721CB8 /* ControllerAvecTableView.swift in Sources */ = {isa = PBXBuildFile; fileRef = CF3E2004219AD27E00721CB8 /* ControllerAvecTableView.swift */; };
		CF3E2007219AD28D00721CB8 /* ControllerAvecCarte.swift in Sources */ = {isa = PBXBuildFile; fileRef = CF3E2006219AD28D00721CB8 /* ControllerAvecCarte.swift */; };
		CF3E2009219AD2A700721CB8 /* TableViewIntegreController.swift in Sources */ = {isa = PBXBuildFile; fileRef = CF3E2008219AD2A700721CB8 /* TableViewIntegreController.swift */; };
/* End PBXBuildFile section */

/* Begin PBXFileReference section */
		CF3E1FE6219ACD2200721CB8 /* Calanques.app */ = {isa = PBXFileReference; explicitFileType = wrapper.application; includeInIndex = 0; path = Calanques.app; sourceTree = BUILT_PRODUCTS_DIR; };
		CF3E1FE9219ACD2200721CB8 /* AppDelegate.swift */ = {isa = PBXFileReference; lastKnownFileType = sourcecode.swift; path = AppDelegate.swift; sourceTree = "<group>"; };
		CF3E1FF0219ACD2200721CB8 /* Base */ = {isa = PBXFileReference; lastKnownFileType = file.storyboard; name = Base; path = Base.lproj/Main.storyboard; sourceTree = "<group>"; };
		CF3E1FF2219ACD2300721CB8 /* Assets.xcassets */ = {isa = PBXFileReference; lastKnownFileType = folder.assetcatalog; path = Assets.xcassets; sourceTree = "<group>"; };
		CF3E1FF5219ACD2300721CB8 /* Base */ = {isa = PBXFileReference; lastKnownFileType = file.storyboard; name = Base; path = Base.lproj/LaunchScreen.storyboard; sourceTree = "<group>"; };
		CF3E1FF7219ACD2300721CB8 /* Info.plist */ = {isa = PBXFileReference; lastKnownFileType = text.plist.xml; path = Info.plist; sourceTree = "<group>"; };
		CF3E2000219AD09A00721CB8 /* Calanque.swift */ = {isa = PBXFileReference; lastKnownFileType = sourcecode.swift; path = Calanque.swift; sourceTree = "<group>"; };
		CF3E2002219AD1A200721CB8 /* CalanqueCollection.swift */ = {isa = PBXFileReference; fileEncoding = 4; lastKnownFileType = sourcecode.swift; path = CalanqueCollection.swift; sourceTree = "<group>"; };
		CF3E2004219AD27E00721CB8 /* ControllerAvecTableView.swift */ = {isa = PBXFileReference; lastKnownFileType = sourcecode.swift; path = ControllerAvecTableView.swift; sourceTree = "<group>"; };
		CF3E2006219AD28D00721CB8 /* ControllerAvecCarte.swift */ = {isa = PBXFileReference; lastKnownFileType = sourcecode.swift; path = ControllerAvecCarte.swift; sourceTree = "<group>"; };
		CF3E2008219AD2A700721CB8 /* TableViewIntegreController.swift */ = {isa = PBXFileReference; lastKnownFileType = sourcecode.swift; path = TableViewIntegreController.swift; sourceTree = "<group>"; };
/* End PBXFileReference section */

/* Begin PBXFrameworksBuildPhase section */
		CF3E1FE3219ACD2200721CB8 /* Frameworks */ = {
			isa = PBXFrameworksBuildPhase;
			buildActionMask = 2147483647;
			files = (
			);
			runOnlyForDeploymentPostprocessing = 0;
		};
/* End PBXFrameworksBuildPhase section */

/* Begin PBXGroup section */
		CF3E1FDD219ACD2200721CB8 = {
			isa = PBXGroup;
			children = (
				CF3E1FE8219ACD2200721CB8 /* Calanques */,
				CF3E1FE7219ACD2200721CB8 /* Products */,
			);
			sourceTree = "<group>";
		};
		CF3E1FE7219ACD2200721CB8 /* Products */ = {
			isa = PBXGroup;
			children = (
				CF3E1FE6219ACD2200721CB8 /* Calanques.app */,
			);
			name = Products;
			sourceTree = "<group>";
		};
		CF3E1FE8219ACD2200721CB8 /* Calanques */ = {
			isa = PBXGroup;
			children = (
				CF3E1FE9219ACD2200721CB8 /* AppDelegate.swift */,
				CF3E1FFD219ACFF400721CB8 /* Model */,
				CF3E1FFF219AD00200721CB8 /* Controller */,
				CF3E1FFE219ACFFB00721CB8 /* View */,
				CF3E1FEF219ACD2200721CB8 /* Main.storyboard */,
				CF3E1FF2219ACD2300721CB8 /* Assets.xcassets */,
				CF3E1FF4219ACD2300721CB8 /* LaunchScreen.storyboard */,
				CF3E1FF7219ACD2300721CB8 /* Info.plist */,
			);
			path = Calanques;
			sourceTree = "<group>";
		};
		CF3E1FFD219ACFF400721CB8 /* Model */ = {
			isa = PBXGroup;
			children = (
				CF3E2000219AD09A00721CB8 /* Calanque.swift */,
				CF3E2002219AD1A200721CB8 /* CalanqueCollection.swift */,
			);
			path = Model;
			sourceTree = "<group>";
		};
		CF3E1FFE219ACFFB00721CB8 /* View */ = {
			isa = PBXGroup;
			children = (
			);
			path = View;
			sourceTree = "<group>";
		};
		CF3E1FFF219AD00200721CB8 /* Controller */ = {
			isa = PBXGroup;
			children = (
				CF3E2004219AD27E00721CB8 /* ControllerAvecTableView.swift */,
				CF3E2006219AD28D00721CB8 /* ControllerAvecCarte.swift */,
				CF3E2008219AD2A700721CB8 /* TableViewIntegreController.swift */,
			);
			path = Controller;
			sourceTree = "<group>";
		};
/* End PBXGroup section */

/* Begin PBXNativeTarget section */
		CF3E1FE5219ACD2200721CB8 /* Calanques */ = {
			isa = PBXNativeTarget;
			buildConfigurationList = CF3E1FFA219ACD2300721CB8 /* Build configuration list for PBXNativeTarget "Calanques" */;
			buildPhases = (
				CF3E1FE2219ACD2200721CB8 /* Sources */,
				CF3E1FE3219ACD2200721CB8 /* Frameworks */,
				CF3E1FE4219ACD2200721CB8 /* Resources */,
			);
			buildRules = (
			);
			dependencies = (
			);
			name = Calanques;
			productName = Calanques;
			productReference = CF3E1FE6219ACD2200721CB8 /* Calanques.app */;
			productType = "com.apple.product-type.application";
		};
/* End PBXNativeTarget section */

/* Begin PBXProject section */
		CF3E1FDE219ACD2200721CB8 /* Project object */ = {
			isa = PBXProject;
			attributes = {
				LastSwiftUpdateCheck = 1010;
				LastUpgradeCheck = 1010;
				ORGANIZATIONNAME = "Loic Mazuc";
				TargetAttributes = {
					CF3E1FE5219ACD2200721CB8 = {
						CreatedOnToolsVersion = 10.1;
					};
				};
			};
			buildConfigurationList = CF3E1FE1219ACD2200721CB8 /* Build configuration list for PBXProject "Calanques" */;
			compatibilityVersion = "Xcode 9.3";
			developmentRegion = en;
			hasScannedForEncodings = 0;
			knownRegions = (
				en,
				Base,
			);
			mainGroup = CF3E1FDD219ACD2200721CB8;
			productRefGroup = CF3E1FE7219ACD2200721CB8 /* Products */;
			projectDirPath = "";
			projectRoot = "";
			targets = (
				CF3E1FE5219ACD2200721CB8 /* Calanques */,
			);
		};
/* End PBXProject section */

/* Begin PBXResourcesBuildPhase section */
		CF3E1FE4219ACD2200721CB8 /* Resources */ = {
			isa = PBXResourcesBuildPhase;
			buildActionMask = 2147483647;
			files = (
				CF3E1FF6219ACD2300721CB8 /* LaunchScreen.storyboard in Resources */,
				CF3E1FF3219ACD2300721CB8 /* Assets.xcassets in Resources */,
				CF3E1FF1219ACD2200721CB8 /* Main.storyboard in Resources */,
			);
			runOnlyForDeploymentPostprocessing = 0;
		};
/* End PBXResourcesBuildPhase section */

/* Begin PBXSourcesBuildPhase section */
		CF3E1FE2219ACD2200721CB8 /* Sources */ = {
			isa = PBXSourcesBuildPhase;
			buildActionMask = 2147483647;
			files = (
				CF3E2009219AD2A700721CB8 /* TableViewIntegreController.swift in Sources */,
				CF3E1FEA219ACD2200721CB8 /* AppDelegate.swift in Sources */,
				CF3E2003219AD1A200721CB8 /* CalanqueCollection.swift in Sources */,
				CF3E2007219AD28D00721CB8 /* ControllerAvecCarte.swift in Sources */,
				CF3E2005219AD27E00721CB8 /* ControllerAvecTableView.swift in Sources */,
				CF3E2001219AD09A00721CB8 /* Calanque.swift in Sources */,
			);
			runOnlyForDeploymentPostprocessing = 0;
		};
/* End PBXSourcesBuildPhase section */

/* Begin PBXVariantGroup section */
		CF3E1FEF219ACD2200721CB8 /* Main.storyboard */ = {
			isa = PBXVariantGroup;
			children = (
				CF3E1FF0219ACD2200721CB8 /* Base */,
			);
			name = Main.storyboard;
			sourceTree = "<group>";
		};
		CF3E1FF4219ACD2300721CB8 /* LaunchScreen.storyboard */ = {
			isa = PBXVariantGroup;
			children = (
				CF3E1FF5219ACD2300721CB8 /* Base */,
			);
			name = LaunchScreen.storyboard;
			sourceTree = "<group>";
		};
/* End PBXVariantGroup section */

/* Begin XCBuildConfiguration section */
		CF3E1FF8219ACD2300721CB8 /* Debug */ = {
			isa = XCBuildConfiguration;
			buildSettings = {
				ALWAYS_SEARCH_USER_PATHS = NO;
				CLANG_ANALYZER_NONNULL = YES;
				CLANG_ANALYZER_NUMBER_OBJECT_CONVERSION = YES_AGGRESSIVE;
				CLANG_CXX_LANGUAGE_STANDARD = "gnu++14";
				CLANG_CXX_LIBRARY = "libc++";
				CLANG_ENABLE_MODULES = YES;
				CLANG_ENABLE_OBJC_ARC = YES;
				CLANG_ENABLE_OBJC_WEAK = YES;
				CLANG_WARN_BLOCK_CAPTURE_AUTORELEASING = YES;
				CLANG_WARN_BOOL_CONVERSION = YES;
				CLANG_WARN_COMMA = YES;
				CLANG_WARN_CONSTANT_CONVERSION = YES;
				CLANG_WARN_DEPRECATED_OBJC_IMPLEMENTATIONS = YES;
				CLANG_WARN_DIRECT_OBJC_ISA_USAGE = YES_ERROR;
				CLANG_WARN_DOCUMENTATION_COMMENTS = YES;
				CLANG_WARN_EMPTY_BODY = YES;
				CLANG_WARN_ENUM_CONVERSION = YES;
				CLANG_WARN_INFINITE_RECURSION = YES;
				CLANG_WARN_INT_CONVERSION = YES;
				CLANG_WARN_NON_LITERAL_NULL_CONVERSION = YES;
				CLANG_WARN_OBJC_IMPLICIT_RETAIN_SELF = YES;
				CLANG_WARN_OBJC_LITERAL_CONVERSION = YES;
				CLANG_WARN_OBJC_ROOT_CLASS = YES_ERROR;
				CLANG_WARN_RANGE_LOOP_ANALYSIS = YES;
				CLANG_WARN_STRICT_PROTOTYPES = YES;
				CLANG_WARN_SUSPICIOUS_MOVE = YES;
				CLANG_WARN_UNGUARDED_AVAILABILITY = YES_AGGRESSIVE;
				CLANG_WARN_UNREACHABLE_CODE = YES;
				CLANG_WARN__DUPLICATE_METHOD_MATCH = YES;
				CODE_SIGN_IDENTITY = "iPhone Developer";
				COPY_PHASE_STRIP = NO;
				DEBUG_INFORMATION_FORMAT = dwarf;
				ENABLE_STRICT_OBJC_MSGSEND = YES;
				ENABLE_TESTABILITY = YES;
				GCC_C_LANGUAGE_STANDARD = gnu11;
				GCC_DYNAMIC_NO_PIC = NO;
				GCC_NO_COMMON_BLOCKS = YES;
				GCC_OPTIMIZATION_LEVEL = 0;
				GCC_PREPROCESSOR_DEFINITIONS = (
					"DEBUG=1",
					"$(inherited)",
				);
				GCC_WARN_64_TO_32_BIT_CONVERSION = YES;
				GCC_WARN_ABOUT_RETURN_TYPE = YES_ERROR;
				GCC_WARN_UNDECLARED_SELECTOR = YES;
				GCC_WARN_UNINITIALIZED_AUTOS = YES_AGGRESSIVE;
				GCC_WARN_UNUSED_FUNCTION = YES;
				GCC_WARN_UNUSED_VARIABLE = YES;
				IPHONEOS_DEPLOYMENT_TARGET = 12.1;
				MTL_ENABLE_DEBUG_INFO = INCLUDE_SOURCE;
				MTL_FAST_MATH = YES;
				ONLY_ACTIVE_ARCH = YES;
				SDKROOT = iphoneos;
				SWIFT_ACTIVE_COMPILATION_CONDITIONS = DEBUG;
				SWIFT_OPTIMIZATION_LEVEL = "-Onone";
			};
			name = Debug;
		};
		CF3E1FF9219ACD2300721CB8 /* Release */ = {
			isa = XCBuildConfiguration;
			buildSettings = {
				ALWAYS_SEARCH_USER_PATHS = NO;
				CLANG_ANALYZER_NONNULL = YES;
				CLANG_ANALYZER_NUMBER_OBJECT_CONVERSION = YES_AGGRESSIVE;
				CLANG_CXX_LANGUAGE_STANDARD = "gnu++14";
				CLANG_CXX_LIBRARY = "libc++";
				CLANG_ENABLE_MODULES = YES;
				CLANG_ENABLE_OBJC_ARC = YES;
				CLANG_ENABLE_OBJC_WEAK = YES;
				CLANG_WARN_BLOCK_CAPTURE_AUTORELEASING = YES;
				CLANG_WARN_BOOL_CONVERSION = YES;
				CLANG_WARN_COMMA = YES;
				CLANG_WARN_CONSTANT_CONVERSION = YES;
				CLANG_WARN_DEPRECATED_OBJC_IMPLEMENTATIONS = YES;
				CLANG_WARN_DIRECT_OBJC_ISA_USAGE = YES_ERROR;
				CLANG_WARN_DOCUMENTATION_COMMENTS = YES;
				CLANG_WARN_EMPTY_BODY = YES;
				CLANG_WARN_ENUM_CONVERSION = YES;
				CLANG_WARN_INFINITE_RECURSION = YES;
				CLANG_WARN_INT_CONVERSION = YES;
				CLANG_WARN_NON_LITERAL_NULL_CONVERSION = YES;
				CLANG_WARN_OBJC_IMPLICIT_RETAIN_SELF = YES;
				CLANG_WARN_OBJC_LITERAL_CONVERSION = YES;
				CLANG_WARN_OBJC_ROOT_CLASS = YES_ERROR;
				CLANG_WARN_RANGE_LOOP_ANALYSIS = YES;
				CLANG_WARN_STRICT_PROTOTYPES = YES;
				CLANG_WARN_SUSPICIOUS_MOVE = YES;
				CLANG_WARN_UNGUARDED_AVAILABILITY = YES_AGGRESSIVE;
				CLANG_WARN_UNREACHABLE_CODE = YES;
				CLANG_WARN__DUPLICATE_METHOD_MATCH = YES;
				CODE_SIGN_IDENTITY = "iPhone Developer";
				COPY_PHASE_STRIP = NO;
				DEBUG_INFORMATION_FORMAT = "dwarf-with-dsym";
				ENABLE_NS_ASSERTIONS = NO;
				ENABLE_STRICT_OBJC_MSGSEND = YES;
				GCC_C_LANGUAGE_STANDARD = gnu11;
				GCC_NO_COMMON_BLOCKS = YES;
				GCC_WARN_64_TO_32_BIT_CONVERSION = YES;
				GCC_WARN_ABOUT_RETURN_TYPE = YES_ERROR;
				GCC_WARN_UNDECLARED_SELECTOR = YES;
				GCC_WARN_UNINITIALIZED_AUTOS = YES_AGGRESSIVE;
				GCC_WARN_UNUSED_FUNCTION = YES;
				GCC_WARN_UNUSED_VARIABLE = YES;
				IPHONEOS_DEPLOYMENT_TARGET = 12.1;
				MTL_ENABLE_DEBUG_INFO = NO;
				MTL_FAST_MATH = YES;
				SDKROOT = iphoneos;
				SWIFT_COMPILATION_MODE = wholemodule;
				SWIFT_OPTIMIZATION_LEVEL = "-O";
				VALIDATE_PRODUCT = YES;
			};
			name = Release;
		};
		CF3E1FFB219ACD2300721CB8 /* Debug */ = {
			isa = XCBuildConfiguration;
			buildSettings = {
				ASSETCATALOG_COMPILER_APPICON_NAME = AppIcon;
				CODE_SIGN_STYLE = Automatic;
				DEVELOPMENT_TEAM = DK7ECUFN5B;
				INFOPLIST_FILE = Calanques/Info.plist;
				LD_RUNPATH_SEARCH_PATHS = (
					"$(inherited)",
					"@executable_path/Frameworks",
				);
				PRODUCT_BUNDLE_IDENTIFIER = com.Mazuc.Calanques;
				PRODUCT_NAME = "$(TARGET_NAME)";
				SWIFT_VERSION = 4.2;
				TARGETED_DEVICE_FAMILY = "1,2";
			};
			name = Debug;
		};
		CF3E1FFC219ACD2300721CB8 /* Release */ = {
			isa = XCBuildConfiguration;
			buildSettings = {
				ASSETCATALOG_COMPILER_APPICON_NAME = AppIcon;
				CODE_SIGN_STYLE = Automatic;
				DEVELOPMENT_TEAM = DK7ECUFN5B;
				INFOPLIST_FILE = Calanques/Info.plist;
				LD_RUNPATH_SEARCH_PATHS = (
					"$(inherited)",
					"@executable_path/Frameworks",
				);
				PRODUCT_BUNDLE_IDENTIFIER = com.Mazuc.Calanques;
				PRODUCT_NAME = "$(TARGET_NAME)";
				SWIFT_VERSION = 4.2;
				TARGETED_DEVICE_FAMILY = "1,2";
			};
			name = Release;
		};
/* End XCBuildConfiguration section */

/* Begin XCConfigurationList section */
		CF3E1FE1219ACD2200721CB8 /* Build configuration list for PBXProject "Calanques" */ = {
			isa = XCConfigurationList;
			buildConfigurations = (
				CF3E1FF8219ACD2300721CB8 /* Debug */,
				CF3E1FF9219ACD2300721CB8 /* Release */,
			);
			defaultConfigurationIsVisible = 0;
			defaultConfigurationName = Release;
		};
		CF3E1FFA219ACD2300721CB8 /* Build configuration list for PBXNativeTarget "Calanques" */ = {
			isa = XCConfigurationList;
			buildConfigurations = (
				CF3E1FFB219ACD2300721CB8 /* Debug */,
				CF3E1FFC219ACD2300721CB8 /* Release */,
			);
			defaultConfigurationIsVisible = 0;
			defaultConfigurationName = Release;
		};
/* End XCConfigurationList section */
	};
	rootObject = CF3E1FDE219ACD2200721CB8 /* Project object */;
}
